
Microsoft Visual Studio Solution File, Format Version 12.00
# Visual Studio Version 17
VisualStudioVersion = 17.11.35312.102
MinimumVisualStudioVersion = 10.0.40219.1
Project("{FAE04EC0-301F-11D3-BF4B-00C04F79EFBC}") = "JIPP-FilmDB", "JIPP-FilmDB\JIPP-FilmDB.csproj", "{4B6AD5A3-792D-4310-BBCD-1DD9EBC6733E}"
EndProject
Global
	GlobalSection(SolutionConfigurationPlatforms) = preSolution
		Debug|Any CPU = Debug|Any CPU
		Release|Any CPU = Release|Any CPU
	EndGlobalSection
	GlobalSection(ProjectConfigurationPlatforms) = postSolution
		{4B6AD5A3-792D-4310-BBCD-1DD9EBC6733E}.Debug|Any CPU.ActiveCfg = Debug|Any CPU
		{4B6AD5A3-792D-4310-BBCD-1DD9EBC6733E}.Debug|Any CPU.Build.0 = Debug|Any CPU
		{4B6AD5A3-792D-4310-BBCD-1DD9EBC6733E}.Release|Any CPU.ActiveCfg = Release|Any CPU
		{4B6AD5A3-792D-4310-BBCD-1DD9EBC6733E}.Release|Any CPU.Build.0 = Release|Any CPU
	EndGlobalSection
	GlobalSection(SolutionProperties) = preSolution
		HideSolutionNode = FALSE
	EndGlobalSection
	GlobalSection(ExtensibilityGlobals) = postSolution
		SolutionGuid = {77D14AC8-D4C6-4E33-A2AA-75A5D7E63D44}
	EndGlobalSection
EndGlobal
